{
  "name": "spencer-agent",
  "version": "0.4.0",
  "lockfileVersion": 3,
  "requires": true,
  "packages": {
    "": {
      "name": "spencer-agent",
      "version": "0.4.0",
      "hasInstallScript": true,
      "license": "MIT",
      "bin": {
        "spencer": "bin/spencer.js"
      },
      "engines": {
        "node": ">=18"
      }
    }
  }
}
